// !$*UTF8*$!
{
	archiveVersion = 1;
	classes = {
	};
	objectVersion = 50;
	objects = {

/* Begin PBXBuildFile section */
		3DB6FA9226E8285300A76673 /* AppDelegate.swift in Sources */ = {isa = PBXBuildFile; fileRef = 3DB6FA9126E8285300A76673 /* AppDelegate.swift */; };
		3DB6FA9426E8285300A76673 /* SceneDelegate.swift in Sources */ = {isa = PBXBuildFile; fileRef = 3DB6FA9326E8285300A76673 /* SceneDelegate.swift */; };
		3DB6FA9626E8285300A76673 /* ViewController.swift in Sources */ = {isa = PBXBuildFile; fileRef = 3DB6FA9526E8285300A76673 /* ViewController.swift */; };
		3DB6FA9926E8285400A76673 /* Main.storyboard in Resources */ = {isa = PBXBuildFile; fileRef = 3DB6FA9726E8285400A76673 /* Main.storyboard */; };
		3DB6FA9B26E8285700A76673 /* Assets.xcassets in Resources */ = {isa = PBXBuildFile; fileRef = 3DB6FA9A26E8285700A76673 /* Assets.xcassets */; };
		3DB6FA9E26E8285700A76673 /* LaunchScreen.storyboard in Resources */ = {isa = PBXBuildFile; fileRef = 3DB6FA9C26E8285700A76673 /* LaunchScreen.storyboard */; };
		3DB6FAA926E8285800A76673 /* PacticaLayoutTests.swift in Sources */ = {isa = PBXBuildFile; fileRef = 3DB6FAA826E8285800A76673 /* PacticaLayoutTests.swift */; };
		3DB6FAB426E8285800A76673 /* PacticaLayoutUITests.swift in Sources */ = {isa = PBXBuildFile; fileRef = 3DB6FAB326E8285800A76673 /* PacticaLayoutUITests.swift */; };
/* End PBXBuildFile section */

/* Begin PBXContainerItemProxy section */
		3DB6FAA526E8285800A76673 /* PBXContainerItemProxy */ = {
			isa = PBXContainerItemProxy;
			containerPortal = 3DB6FA8626E8285300A76673 /* Project object */;
			proxyType = 1;
			remoteGlobalIDString = 3DB6FA8D26E8285300A76673;
			remoteInfo = PacticaLayout;
		};
		3DB6FAB026E8285800A76673 /* PBXContainerItemProxy */ = {
			isa = PBXContainerItemProxy;
			containerPortal = 3DB6FA8626E8285300A76673 /* Project object */;
			proxyType = 1;
			remoteGlobalIDString = 3DB6FA8D26E8285300A76673;
			remoteInfo = PacticaLayout;
		};
/* End PBXContainerItemProxy section */

/* Begin PBXFileReference section */
		3DB6FA8E26E8285300A76673 /* PacticaLayout.app */ = {isa = PBXFileReference; explicitFileType = wrapper.application; includeInIndex = 0; path = PacticaLayout.app; sourceTree = BUILT_PRODUCTS_DIR; };
		3DB6FA9126E8285300A76673 /* AppDelegate.swift */ = {isa = PBXFileReference; lastKnownFileType = sourcecode.swift; path = AppDelegate.swift; sourceTree = "<group>"; };
		3DB6FA9326E8285300A76673 /* SceneDelegate.swift */ = {isa = PBXFileReference; lastKnownFileType = sourcecode.swift; path = SceneDelegate.swift; sourceTree = "<group>"; };
		3DB6FA9526E8285300A76673 /* ViewController.swift */ = {isa = PBXFileReference; lastKnownFileType = sourcecode.swift; path = ViewController.swift; sourceTree = "<group>"; };
		3DB6FA9826E8285400A76673 /* Base */ = {isa = PBXFileReference; lastKnownFileType = file.storyboard; name = Base; path = Base.lproj/Main.storyboard; sourceTree = "<group>"; };
		3DB6FA9A26E8285700A76673 /* Assets.xcassets */ = {isa = PBXFileReference; lastKnownFileType = folder.assetcatalog; path = Assets.xcassets; sourceTree = "<group>"; };
		3DB6FA9D26E8285700A76673 /* Base */ = {isa = PBXFileReference; lastKnownFileType = file.storyboard; name = Base; path = Base.lproj/LaunchScreen.storyboard; sourceTree = "<group>"; };
		3DB6FA9F26E8285700A76673 /* Info.plist */ = {isa = PBXFileReference; lastKnownFileType = text.plist.xml; path = Info.plist; sourceTree = "<group>"; };
		3DB6FAA426E8285800A76673 /* PacticaLayoutTests.xctest */ = {isa = PBXFileReference; explicitFileType = wrapper.cfbundle; includeInIndex = 0; path = PacticaLayoutTests.xctest; sourceTree = BUILT_PRODUCTS_DIR; };
		3DB6FAA826E8285800A76673 /* PacticaLayoutTests.swift */ = {isa = PBXFileReference; lastKnownFileType = sourcecode.swift; path = PacticaLayoutTests.swift; sourceTree = "<group>"; };
		3DB6FAAA26E8285800A76673 /* Info.plist */ = {isa = PBXFileReference; lastKnownFileType = text.plist.xml; path = Info.plist; sourceTree = "<group>"; };
		3DB6FAAF26E8285800A76673 /* PacticaLayoutUITests.xctest */ = {isa = PBXFileReference; explicitFileType = wrapper.cfbundle; includeInIndex = 0; path = PacticaLayoutUITests.xctest; sourceTree = BUILT_PRODUCTS_DIR; };
		3DB6FAB326E8285800A76673 /* PacticaLayoutUITests.swift */ = {isa = PBXFileReference; lastKnownFileType = sourcecode.swift; path = PacticaLayoutUITests.swift; sourceTree = "<group>"; };
		3DB6FAB526E8285800A76673 /* Info.plist */ = {isa = PBXFileReference; lastKnownFileType = text.plist.xml; path = Info.plist; sourceTree = "<group>"; };
/* End PBXFileReference section */

/* Begin PBXFrameworksBuildPhase section */
		3DB6FA8B26E8285300A76673 /* Frameworks */ = {
			isa = PBXFrameworksBuildPhase;
			buildActionMask = 2147483647;
			files = (
			);
			runOnlyForDeploymentPostprocessing = 0;
		};
		3DB6FAA126E8285800A76673 /* Frameworks */ = {
			isa = PBXFrameworksBuildPhase;
			buildActionMask = 2147483647;
			files = (
			);
			runOnlyForDeploymentPostprocessing = 0;
		};
		3DB6FAAC26E8285800A76673 /* Frameworks */ = {
			isa = PBXFrameworksBuildPhase;
			buildActionMask = 2147483647;
			files = (
			);
			runOnlyForDeploymentPostprocessing = 0;
		};
/* End PBXFrameworksBuildPhase section */

/* Begin PBXGroup section */
		3DB6FA8526E8285300A76673 = {
			isa = PBXGroup;
			children = (
				3DB6FA9026E8285300A76673 /* PacticaLayout */,
				3DB6FAA726E8285800A76673 /* PacticaLayoutTests */,
				3DB6FAB226E8285800A76673 /* PacticaLayoutUITests */,
				3DB6FA8F26E8285300A76673 /* Products */,
			);
			sourceTree = "<group>";
		};
		3DB6FA8F26E8285300A76673 /* Products */ = {
			isa = PBXGroup;
			children = (
				3DB6FA8E26E8285300A76673 /* PacticaLayout.app */,
				3DB6FAA426E8285800A76673 /* PacticaLayoutTests.xctest */,
				3DB6FAAF26E8285800A76673 /* PacticaLayoutUITests.xctest */,
			);
			name = Products;
			sourceTree = "<group>";
		};
		3DB6FA9026E8285300A76673 /* PacticaLayout */ = {
			isa = PBXGroup;
			children = (
				3DB6FA9126E8285300A76673 /* AppDelegate.swift */,
				3DB6FA9326E8285300A76673 /* SceneDelegate.swift */,
				3DB6FA9526E8285300A76673 /* ViewController.swift */,
				3DB6FA9726E8285400A76673 /* Main.storyboard */,
				3DB6FA9A26E8285700A76673 /* Assets.xcassets */,
				3DB6FA9C26E8285700A76673 /* LaunchScreen.storyboard */,
				3DB6FA9F26E8285700A76673 /* Info.plist */,
			);
			path = PacticaLayout;
			sourceTree = "<group>";
		};
		3DB6FAA726E8285800A76673 /* PacticaLayoutTests */ = {
			isa = PBXGroup;
			children = (
				3DB6FAA826E8285800A76673 /* PacticaLayoutTests.swift */,
				3DB6FAAA26E8285800A76673 /* Info.plist */,
			);
			path = PacticaLayoutTests;
			sourceTree = "<group>";
		};
		3DB6FAB226E8285800A76673 /* PacticaLayoutUITests */ = {
			isa = PBXGroup;
			children = (
				3DB6FAB326E8285800A76673 /* PacticaLayoutUITests.swift */,
				3DB6FAB526E8285800A76673 /* Info.plist */,
			);
			path = PacticaLayoutUITests;
			sourceTree = "<group>";
		};
/* End PBXGroup section */

/* Begin PBXNativeTarget section */
		3DB6FA8D26E8285300A76673 /* PacticaLayout */ = {
			isa = PBXNativeTarget;
			buildConfigurationList = 3DB6FAB826E8285800A76673 /* Build configuration list for PBXNativeTarget "PacticaLayout" */;
			buildPhases = (
				3DB6FA8A26E8285300A76673 /* Sources */,
				3DB6FA8B26E8285300A76673 /* Frameworks */,
				3DB6FA8C26E8285300A76673 /* Resources */,
			);
			buildRules = (
			);
			dependencies = (
			);
			name = PacticaLayout;
			productName = PacticaLayout;
			productReference = 3DB6FA8E26E8285300A76673 /* PacticaLayout.app */;
			productType = "com.apple.product-type.application";
		};
		3DB6FAA326E8285800A76673 /* PacticaLayoutTests */ = {
			isa = PBXNativeTarget;
			buildConfigurationList = 3DB6FABB26E8285800A76673 /* Build configuration list for PBXNativeTarget "PacticaLayoutTests" */;
			buildPhases = (
				3DB6FAA026E8285800A76673 /* Sources */,
				3DB6FAA126E8285800A76673 /* Frameworks */,
				3DB6FAA226E8285800A76673 /* Resources */,
			);
			buildRules = (
			);
			dependencies = (
				3DB6FAA626E8285800A76673 /* PBXTargetDependency */,
			);
			name = PacticaLayoutTests;
			productName = PacticaLayoutTests;
			productReference = 3DB6FAA426E8285800A76673 /* PacticaLayoutTests.xctest */;
			productType = "com.apple.product-type.bundle.unit-test";
		};
		3DB6FAAE26E8285800A76673 /* PacticaLayoutUITests */ = {
			isa = PBXNativeTarget;
			buildConfigurationList = 3DB6FABE26E8285800A76673 /* Build configuration list for PBXNativeTarget "PacticaLayoutUITests" */;
			buildPhases = (
				3DB6FAAB26E8285800A76673 /* Sources */,
				3DB6FAAC26E8285800A76673 /* Frameworks */,
				3DB6FAAD26E8285800A76673 /* Resources */,
			);
			buildRules = (
			);
			dependencies = (
				3DB6FAB126E8285800A76673 /* PBXTargetDependency */,
			);
			name = PacticaLayoutUITests;
			productName = PacticaLayoutUITests;
			productReference = 3DB6FAAF26E8285800A76673 /* PacticaLayoutUITests.xctest */;
			productType = "com.apple.product-type.bundle.ui-testing";
		};
/* End PBXNativeTarget section */

/* Begin PBXProject section */
		3DB6FA8626E8285300A76673 /* Project object */ = {
			isa = PBXProject;
			attributes = {
				LastSwiftUpdateCheck = 1130;
				LastUpgradeCheck = 1130;
				ORGANIZATIONNAME = Alumno;
				TargetAttributes = {
					3DB6FA8D26E8285300A76673 = {
						CreatedOnToolsVersion = 11.3.1;
					};
					3DB6FAA326E8285800A76673 = {
						CreatedOnToolsVersion = 11.3.1;
						TestTargetID = 3DB6FA8D26E8285300A76673;
					};
					3DB6FAAE26E8285800A76673 = {
						CreatedOnToolsVersion = 11.3.1;
						TestTargetID = 3DB6FA8D26E8285300A76673;
					};
				};
			};
			buildConfigurationList = 3DB6FA8926E8285300A76673 /* Build configuration list for PBXProject "PacticaLayout" */;
			compatibilityVersion = "Xcode 9.3";
			developmentRegion = en;
			hasScannedForEncodings = 0;
			knownRegions = (
				en,
				Base,
			);
			mainGroup = 3DB6FA8526E8285300A76673;
			productRefGroup = 3DB6FA8F26E8285300A76673 /* Products */;
			projectDirPath = "";
			projectRoot = "";
			targets = (
				3DB6FA8D26E8285300A76673 /* PacticaLayout */,
				3DB6FAA326E8285800A76673 /* PacticaLayoutTests */,
				3DB6FAAE26E8285800A76673 /* PacticaLayoutUITests */,
			);
		};
/* End PBXProject section */

/* Begin PBXResourcesBuildPhase section */
		3DB6FA8C26E8285300A76673 /* Resources */ = {
			isa = PBXResourcesBuildPhase;
			buildActionMask = 2147483647;
			files = (
				3DB6FA9E26E8285700A76673 /* LaunchScreen.storyboard in Resources */,
				3DB6FA9B26E8285700A76673 /* Assets.xcassets in Resources */,
				3DB6FA9926E8285400A76673 /* Main.storyboard in Resources */,
			);
			runOnlyForDeploymentPostprocessing = 0;
		};
		3DB6FAA226E8285800A76673 /* Resources */ = {
			isa = PBXResourcesBuildPhase;
			buildActionMask = 2147483647;
			files = (
			);
			runOnlyForDeploymentPostprocessing = 0;
		};
		3DB6FAAD26E8285800A76673 /* Resources */ = {
			isa = PBXResourcesBuildPhase;
			buildActionMask = 2147483647;
			files = (
			);
			runOnlyForDeploymentPostprocessing = 0;
		};
/* End PBXResourcesBuildPhase section */

/* Begin PBXSourcesBuildPhase section */
		3DB6FA8A26E8285300A76673 /* Sources */ = {
			isa = PBXSourcesBuildPhase;
			buildActionMask = 2147483647;
			files = (
				3DB6FA9626E8285300A76673 /* ViewController.swift in Sources */,
				3DB6FA9226E8285300A76673 /* AppDelegate.swift in Sources */,
				3DB6FA9426E8285300A76673 /* SceneDelegate.swift in Sources */,
			);
			runOnlyForDeploymentPostprocessing = 0;
		};
		3DB6FAA026E8285800A76673 /* Sources */ = {
			isa = PBXSourcesBuildPhase;
			buildActionMask = 2147483647;
			files = (
				3DB6FAA926E8285800A76673 /* PacticaLayoutTests.swift in Sources */,
			);
			runOnlyForDeploymentPostprocessing = 0;
		};
		3DB6FAAB26E8285800A76673 /* Sources */ = {
			isa = PBXSourcesBuildPhase;
			buildActionMask = 2147483647;
			files = (
				3DB6FAB426E8285800A76673 /* PacticaLayoutUITests.swift in Sources */,
			);
			runOnlyForDeploymentPostprocessing = 0;
		};
/* End PBXSourcesBuildPhase section */

/* Begin PBXTargetDependency section */
		3DB6FAA626E8285800A76673 /* PBXTargetDependency */ = {
			isa = PBXTargetDependency;
			target = 3DB6FA8D26E8285300A76673 /* PacticaLayout */;
			targetProxy = 3DB6FAA526E8285800A76673 /* PBXContainerItemProxy */;
		};
		3DB6FAB126E8285800A76673 /* PBXTargetDependency */ = {
			isa = PBXTargetDependency;
			target = 3DB6FA8D26E8285300A76673 /* PacticaLayout */;
			targetProxy = 3DB6FAB026E8285800A76673 /* PBXContainerItemProxy */;
		};
/* End PBXTargetDependency section */

/* Begin PBXVariantGroup section */
		3DB6FA9726E8285400A76673 /* Main.storyboard */ = {
			isa = PBXVariantGroup;
			children = (
				3DB6FA9826E8285400A76673 /* Base */,
			);
			name = Main.storyboard;
			sourceTree = "<group>";
		};
		3DB6FA9C26E8285700A76673 /* LaunchScreen.storyboard */ = {
			isa = PBXVariantGroup;
			children = (
				3DB6FA9D26E8285700A76673 /* Base */,
			);
			name = LaunchScreen.storyboard;
			sourceTree = "<group>";
		};
/* End PBXVariantGroup section */

/* Begin XCBuildConfiguration section */
		3DB6FAB626E8285800A76673 /* Debug */ = {
			isa = XCBuildConfiguration;
			buildSettings = {
				ALWAYS_SEARCH_USER_PATHS = NO;
				CLANG_ANALYZER_NONNULL = YES;
				CLANG_ANALYZER_NUMBER_OBJECT_CONVERSION = YES_AGGRESSIVE;
				CLANG_CXX_LANGUAGE_STANDARD = "gnu++14";
				CLANG_CXX_LIBRARY = "libc++";
				CLANG_ENABLE_MODULES = YES;
				CLANG_ENABLE_OBJC_ARC = YES;
				CLANG_ENABLE_OBJC_WEAK = YES;
				CLANG_WARN_BLOCK_CAPTURE_AUTORELEASING = YES;
				CLANG_WARN_BOOL_CONVERSION = YES;
				CLANG_WARN_COMMA = YES;
				CLANG_WARN_CONSTANT_CONVERSION = YES;
				CLANG_WARN_DEPRECATED_OBJC_IMPLEMENTATIONS = YES;
				CLANG_WARN_DIRECT_OBJC_ISA_USAGE = YES_ERROR;
				CLANG_WARN_DOCUMENTATION_COMMENTS = YES;
				CLANG_WARN_EMPTY_BODY = YES;
				CLANG_WARN_ENUM_CONVERSION = YES;
				CLANG_WARN_INFINITE_RECURSION = YES;
				CLANG_WARN_INT_CONVERSION = YES;
				CLANG_WARN_NON_LITERAL_NULL_CONVERSION = YES;
				CLANG_WARN_OBJC_IMPLICIT_RETAIN_SELF = YES;
				CLANG_WARN_OBJC_LITERAL_CONVERSION = YES;
				CLANG_WARN_OBJC_ROOT_CLASS = YES_ERROR;
				CLANG_WARN_RANGE_LOOP_ANALYSIS = YES;
				CLANG_WARN_STRICT_PROTOTYPES = YES;
				CLANG_WARN_SUSPICIOUS_MOVE = YES;
				CLANG_WARN_UNGUARDED_AVAILABILITY = YES_AGGRESSIVE;
				CLANG_WARN_UNREACHABLE_CODE = YES;
				CLANG_WARN__DUPLICATE_METHOD_MATCH = YES;
				COPY_PHASE_STRIP = NO;
				DEBUG_INFORMATION_FORMAT = dwarf;
				ENABLE_STRICT_OBJC_MSGSEND = YES;
				ENABLE_TESTABILITY = YES;
				GCC_C_LANGUAGE_STANDARD = gnu11;
				GCC_DYNAMIC_NO_PIC = NO;
				GCC_NO_COMMON_BLOCKS = YES;
				GCC_OPTIMIZATION_LEVEL = 0;
				GCC_PREPROCESSOR_DEFINITIONS = (
					"DEBUG=1",
					"$(inherited)",
				);
				GCC_WARN_64_TO_32_BIT_CONVERSION = YES;
				GCC_WARN_ABOUT_RETURN_TYPE = YES_ERROR;
				GCC_WARN_UNDECLARED_SELECTOR = YES;
				GCC_WARN_UNINITIALIZED_AUTOS = YES_AGGRESSIVE;
				GCC_WARN_UNUSED_FUNCTION = YES;
				GCC_WARN_UNUSED_VARIABLE = YES;
				IPHONEOS_DEPLOYMENT_TARGET = 13.2;
				MTL_ENABLE_DEBUG_INFO = INCLUDE_SOURCE;
				MTL_FAST_MATH = YES;
				ONLY_ACTIVE_ARCH = YES;
				SDKROOT = iphoneos;
				SWIFT_ACTIVE_COMPILATION_CONDITIONS = DEBUG;
				SWIFT_OPTIMIZATION_LEVEL = "-Onone";
			};
			name = Debug;
		};
		3DB6FAB726E8285800A76673 /* Release */ = {
			isa = XCBuildConfiguration;
			buildSettings = {
				ALWAYS_SEARCH_USER_PATHS = NO;
				CLANG_ANALYZER_NONNULL = YES;
				CLANG_ANALYZER_NUMBER_OBJECT_CONVERSION = YES_AGGRESSIVE;
				CLANG_CXX_LANGUAGE_STANDARD = "gnu++14";
				CLANG_CXX_LIBRARY = "libc++";
				CLANG_ENABLE_MODULES = YES;
				CLANG_ENABLE_OBJC_ARC = YES;
				CLANG_ENABLE_OBJC_WEAK = YES;
				CLANG_WARN_BLOCK_CAPTURE_AUTORELEASING = YES;
				CLANG_WARN_BOOL_CONVERSION = YES;
				CLANG_WARN_COMMA = YES;
				CLANG_WARN_CONSTANT_CONVERSION = YES;
				CLANG_WARN_DEPRECATED_OBJC_IMPLEMENTATIONS = YES;
				CLANG_WARN_DIRECT_OBJC_ISA_USAGE = YES_ERROR;
				CLANG_WARN_DOCUMENTATION_COMMENTS = YES;
				CLANG_WARN_EMPTY_BODY = YES;
				CLANG_WARN_ENUM_CONVERSION = YES;
				CLANG_WARN_INFINITE_RECURSION = YES;
				CLANG_WARN_INT_CONVERSION = YES;
				CLANG_WARN_NON_LITERAL_NULL_CONVERSION = YES;
				CLANG_WARN_OBJC_IMPLICIT_RETAIN_SELF = YES;
				CLANG_WARN_OBJC_LITERAL_CONVERSION = YES;
				CLANG_WARN_OBJC_ROOT_CLASS = YES_ERROR;
				CLANG_WARN_RANGE_LOOP_ANALYSIS = YES;
				CLANG_WARN_STRICT_PROTOTYPES = YES;
				CLANG_WARN_SUSPICIOUS_MOVE = YES;
				CLANG_WARN_UNGUARDED_AVAILABILITY = YES_AGGRESSIVE;
				CLANG_WARN_UNREACHABLE_CODE = YES;
				CLANG_WARN__DUPLICATE_METHOD_MATCH = YES;
				COPY_PHASE_STRIP = NO;
				DEBUG_INFORMATION_FORMAT = "dwarf-with-dsym";
				ENABLE_NS_ASSERTIONS = NO;
				ENABLE_STRICT_OBJC_MSGSEND = YES;
				GCC_C_LANGUAGE_STANDARD = gnu11;
				GCC_NO_COMMON_BLOCKS = YES;
				GCC_WARN_64_TO_32_BIT_CONVERSION = YES;
				GCC_WARN_ABOUT_RETURN_TYPE = YES_ERROR;
				GCC_WARN_UNDECLARED_SELECTOR = YES;
				GCC_WARN_UNINITIALIZED_AUTOS = YES_AGGRESSIVE;
				GCC_WARN_UNUSED_FUNCTION = YES;
				GCC_WARN_UNUSED_VARIABLE = YES;
				IPHONEOS_DEPLOYMENT_TARGET = 13.2;
				MTL_ENABLE_DEBUG_INFO = NO;
				MTL_FAST_MATH = YES;
				SDKROOT = iphoneos;
				SWIFT_COMPILATION_MODE = wholemodule;
				SWIFT_OPTIMIZATION_LEVEL = "-O";
				VALIDATE_PRODUCT = YES;
			};
			name = Release;
		};
		3DB6FAB926E8285800A76673 /* Debug */ = {
			isa = XCBuildConfiguration;
			buildSettings = {
				ASSETCATALOG_COMPILER_APPICON_NAME = AppIcon;
				CODE_SIGN_STYLE = Automatic;
				INFOPLIST_FILE = PacticaLayout/Info.plist;
				LD_RUNPATH_SEARCH_PATHS = (
					"$(inherited)",
					"@executable_path/Frameworks",
				);
				PRODUCT_BUNDLE_IDENTIFIER = edu.ulsa.PacticaLayout;
				PRODUCT_NAME = "$(TARGET_NAME)";
				SWIFT_VERSION = 5.0;
				TARGETED_DEVICE_FAMILY = "1,2";
			};
			name = Debug;
		};
		3DB6FABA26E8285800A76673 /* Release */ = {
			isa = XCBuildConfiguration;
			buildSettings = {
				ASSETCATALOG_COMPILER_APPICON_NAME = AppIcon;
				CODE_SIGN_STYLE = Automatic;
				INFOPLIST_FILE = PacticaLayout/Info.plist;
				LD_RUNPATH_SEARCH_PATHS = (
					"$(inherited)",
					"@executable_path/Frameworks",
				);
				PRODUCT_BUNDLE_IDENTIFIER = edu.ulsa.PacticaLayout;
				PRODUCT_NAME = "$(TARGET_NAME)";
				SWIFT_VERSION = 5.0;
				TARGETED_DEVICE_FAMILY = "1,2";
			};
			name = Release;
		};
		3DB6FABC26E8285800A76673 /* Debug */ = {
			isa = XCBuildConfiguration;
			buildSettings = {
				ALWAYS_EMBED_SWIFT_STANDARD_LIBRARIES = YES;
				BUNDLE_LOADER = "$(TEST_HOST)";
				CODE_SIGN_STYLE = Automatic;
				INFOPLIST_FILE = PacticaLayoutTests/Info.plist;
				IPHONEOS_DEPLOYMENT_TARGET = 13.2;
				LD_RUNPATH_SEARCH_PATHS = (
					"$(inherited)",
					"@executable_path/Frameworks",
					"@loader_path/Frameworks",
				);
				PRODUCT_BUNDLE_IDENTIFIER = edu.ulsa.PacticaLayoutTests;
				PRODUCT_NAME = "$(TARGET_NAME)";
				SWIFT_VERSION = 5.0;
				TARGETED_DEVICE_FAMILY = "1,2";
				TEST_HOST = "$(BUILT_PRODUCTS_DIR)/PacticaLayout.app/PacticaLayout";
			};
			name = Debug;
		};
		3DB6FABD26E8285800A76673 /* Release */ = {
			isa = XCBuildConfiguration;
			buildSettings = {
				ALWAYS_EMBED_SWIFT_STANDARD_LIBRARIES = YES;
				BUNDLE_LOADER = "$(TEST_HOST)";
				CODE_SIGN_STYLE = Automatic;
				INFOPLIST_FILE = PacticaLayoutTests/Info.plist;
				IPHONEOS_DEPLOYMENT_TARGET = 13.2;
				LD_RUNPATH_SEARCH_PATHS = (
					"$(inherited)",
					"@executable_path/Frameworks",
					"@loader_path/Frameworks",
				);
				PRODUCT_BUNDLE_IDENTIFIER = edu.ulsa.PacticaLayoutTests;
				PRODUCT_NAME = "$(TARGET_NAME)";
				SWIFT_VERSION = 5.0;
				TARGETED_DEVICE_FAMILY = "1,2";
				TEST_HOST = "$(BUILT_PRODUCTS_DIR)/PacticaLayout.app/PacticaLayout";
			};
			name = Release;
		};
		3DB6FABF26E8285800A76673 /* Debug */ = {
			isa = XCBuildConfiguration;
			buildSettings = {
				ALWAYS_EMBED_SWIFT_STANDARD_LIBRARIES = YES;
				CODE_SIGN_STYLE = Automatic;
				INFOPLIST_FILE = PacticaLayoutUITests/Info.plist;
				LD_RUNPATH_SEARCH_PATHS = (
					"$(inherited)",
					"@executable_path/Frameworks",
					"@loader_path/Frameworks",
				);
				PRODUCT_BUNDLE_IDENTIFIER = edu.ulsa.PacticaLayoutUITests;
				PRODUCT_NAME = "$(TARGET_NAME)";
				SWIFT_VERSION = 5.0;
				TARGETED_DEVICE_FAMILY = "1,2";
				TEST_TARGET_NAME = PacticaLayout;
			};
			name = Debug;
		};
		3DB6FAC026E8285800A76673 /* Release */ = {
			isa = XCBuildConfiguration;
			buildSettings = {
				ALWAYS_EMBED_SWIFT_STANDARD_LIBRARIES = YES;
				CODE_SIGN_STYLE = Automatic;
				INFOPLIST_FILE = PacticaLayoutUITests/Info.plist;
				LD_RUNPATH_SEARCH_PATHS = (
					"$(inherited)",
					"@executable_path/Frameworks",
					"@loader_path/Frameworks",
				);
				PRODUCT_BUNDLE_IDENTIFIER = edu.ulsa.PacticaLayoutUITests;
				PRODUCT_NAME = "$(TARGET_NAME)";
				SWIFT_VERSION = 5.0;
				TARGETED_DEVICE_FAMILY = "1,2";
				TEST_TARGET_NAME = PacticaLayout;
			};
			name = Release;
		};
/* End XCBuildConfiguration section */

/* Begin XCConfigurationList section */
		3DB6FA8926E8285300A76673 /* Build configuration list for PBXProject "PacticaLayout" */ = {
			isa = XCConfigurationList;
			buildConfigurations = (
				3DB6FAB626E8285800A76673 /* Debug */,
				3DB6FAB726E8285800A76673 /* Release */,
			);
			defaultConfigurationIsVisible = 0;
			defaultConfigurationName = Release;
		};
		3DB6FAB826E8285800A76673 /* Build configuration list for PBXNativeTarget "PacticaLayout" */ = {
			isa = XCConfigurationList;
			buildConfigurations = (
				3DB6FAB926E8285800A76673 /* Debug */,
				3DB6FABA26E8285800A76673 /* Release */,
			);
			defaultConfigurationIsVisible = 0;
			defaultConfigurationName = Release;
		};
		3DB6FABB26E8285800A76673 /* Build configuration list for PBXNativeTarget "PacticaLayoutTests" */ = {
			isa = XCConfigurationList;
			buildConfigurations = (
				3DB6FABC26E8285800A76673 /* Debug */,
				3DB6FABD26E8285800A76673 /* Release */,
			);
			defaultConfigurationIsVisible = 0;
			defaultConfigurationName = Release;
		};
		3DB6FABE26E8285800A76673 /* Build configuration list for PBXNativeTarget "PacticaLayoutUITests" */ = {
			isa = XCConfigurationList;
			buildConfigurations = (
				3DB6FABF26E8285800A76673 /* Debug */,
				3DB6FAC026E8285800A76673 /* Release */,
			);
			defaultConfigurationIsVisible = 0;
			defaultConfigurationName = Release;
		};
/* End XCConfigurationList section */
	};
	rootObject = 3DB6FA8626E8285300A76673 /* Project object */;
}
